<?xml version="1.0" encoding="utf-8"?>
<Project ToolsVersion="4.0" xmlns="http://schemas.microsoft.com/developer/msbuild/2003">
  <ItemGroup>
    <Filter Include="源文件">
      <UniqueIdentifier>{4FC737F1-C7A5-4376-A066-2A32D752A2FF}</UniqueIdentifier>
      <Extensions>cpp;c;cc;cxx;c++;cppm;ixx;def;odl;idl;hpj;bat;asm;asmx</Extensions>
    </Filter>
    <Filter Include="头文件">
      <UniqueIdentifier>{93995380-89BD-4b04-88EB-625FBE52EBFB}</UniqueIdentifier>
      <Extensions>h;hh;hpp;hxx;h++;hm;inl;inc;ipp;xsd</Extensions>
    </Filter>
    <Filter Include="资源文件">
      <UniqueIdentifier>{67DA6AB6-F800-4c08-8B7A-83BB121AAD01}</UniqueIdentifier>
      <Extensions>rc;ico;cur;bmp;dlg;rc2;rct;bin;rgs;gif;jpg;jpeg;jpe;resx;tiff;tif;png;wav;mfcribbon-ms</Extensions>
    </Filter>
    <Filter Include="头文件\Socket">
      <UniqueIdentifier>{982d6828-c2bb-465c-8078-cf8c3d3d2425}</UniqueIdentifier>
    </Filter>
    <Filter Include="源文件\Socket">
      <UniqueIdentifier>{0fb5f88a-a233-49e7-b216-2837cf8ab475}</UniqueIdentifier>
    </Filter>
    <Filter Include="头文件\Routes">
      <UniqueIdentifier>{83c69e4d-4b13-4639-a1c6-db8e254ca448}</UniqueIdentifier>
    </Filter>
    <Filter Include="源文件\Routes">
      <UniqueIdentifier>{64b6cc0e-c220-4c7c-9d58-54365508af50}</UniqueIdentifier>
    </Filter>
    <Filter Include="头文件\Socket\Package">
      <UniqueIdentifier>{7cbaf80e-55f4-41de-92fb-1337370f13f8}</UniqueIdentifier>
    </Filter>
    <Filter Include="头文件\Socket\Package\Struct">
      <UniqueIdentifier>{f34ca635-f9e9-4a2b-8115-d614db488c95}</UniqueIdentifier>
    </Filter>
    <Filter Include="源文件\Socket\Package">
      <UniqueIdentifier>{5177a626-8665-4d1d-aa49-34980896ec24}</UniqueIdentifier>
    </Filter>
    <Filter Include="源文件\Socket\Package\Struct">
      <UniqueIdentifier>{5cba269c-54cf-4ae5-9fe9-28e9748141c1}</UniqueIdentifier>
    </Filter>
    <Filter Include="头文件\Transaction">
      <UniqueIdentifier>{f33f1d11-dd6d-43b8-acdc-b9cbd5854bbd}</UniqueIdentifier>
    </Filter>
    <Filter Include="源文件\Transaction">
      <UniqueIdentifier>{bce0575a-2f27-42a7-a6df-80f5305e4bac}</UniqueIdentifier>
    </Filter>
    <Filter Include="源文件\Util">
      <UniqueIdentifier>{10268d24-bf88-4100-9888-51711d23cb6d}</UniqueIdentifier>
    </Filter>
    <Filter Include="头文件\Util">
      <UniqueIdentifier>{9e61cc20-28ce-472a-8623-e22efcc177a6}</UniqueIdentifier>
    </Filter>
    <Filter Include="源文件\Wallet">
      <UniqueIdentifier>{653949f2-45c3-471b-ab9d-9a514b4694ee}</UniqueIdentifier>
    </Filter>
    <Filter Include="头文件\Wallet">
      <UniqueIdentifier>{3adea02c-cda6-40c6-949b-1520140724d1}</UniqueIdentifier>
    </Filter>
    <Filter Include="源文件\Handler">
      <UniqueIdentifier>{25aef7f3-37ce-42cd-951c-eb24cb53ee1a}</UniqueIdentifier>
    </Filter>
    <Filter Include="头文件\Handler">
      <UniqueIdentifier>{95883063-9700-4b0f-bafc-b55194af9ad6}</UniqueIdentifier>
    </Filter>
    <Filter Include="源文件\Util\ini">
      <UniqueIdentifier>{54bf0079-daaf-4ab2-87fa-11c6db4599a8}</UniqueIdentifier>
    </Filter>
    <Filter Include="头文件\Util\Files">
      <UniqueIdentifier>{008562f5-2afe-48de-801b-cba45f8b6396}</UniqueIdentifier>
    </Filter>
    <Filter Include="头文件\Util\Files\ini">
      <UniqueIdentifier>{acc2497d-3abf-4648-aaf4-731192e4f991}</UniqueIdentifier>
    </Filter>
    <Filter Include="头文件\Util\Files\Save">
      <UniqueIdentifier>{bc9ddfcb-8d3e-4e9c-b830-7670280c3e1b}</UniqueIdentifier>
    </Filter>
    <Filter Include="源文件\Util\Save">
      <UniqueIdentifier>{9b7f32c1-5a53-46e4-97a5-18a9352ba42b}</UniqueIdentifier>
    </Filter>
  </ItemGroup>
  <ItemGroup>
    <ClCompile Include="blockchain-cpp.cpp">
      <Filter>源文件</Filter>
    </ClCompile>
    <ClCompile Include="Block.cpp">
      <Filter>源文件</Filter>
    </ClCompile>
    <ClCompile Include="BlockChain.cpp">
      <Filter>源文件</Filter>
    </ClCompile>
    <ClCompile Include="TCP_Client.cpp">
      <Filter>源文件\Socket</Filter>
    </ClCompile>
    <ClCompile Include="TCP_Server.cpp">
      <Filter>源文件\Socket</Filter>
    </ClCompile>
    <ClCompile Include="Routes.cpp">
      <Filter>源文件\Routes</Filter>
    </ClCompile>
    <ClCompile Include="TCP_Head.cpp">
      <Filter>源文件\Socket\Package</Filter>
    </ClCompile>
    <ClCompile Include="TCP_Ping.cpp">
      <Filter>源文件\Socket\Package\Struct</Filter>
    </ClCompile>
    <ClCompile Include="PingHandler.cpp">
      <Filter>源文件\Handler</Filter>
    </ClCompile>
    <ClCompile Include="Transaction.cpp">
      <Filter>源文件\Transaction</Filter>
    </ClCompile>
    <ClCompile Include="TransactionInput.cpp">
      <Filter>源文件\Transaction</Filter>
    </ClCompile>
    <ClCompile Include="TransactionOutput.cpp">
      <Filter>源文件\Transaction</Filter>
    </ClCompile>
    <ClCompile Include="StringUtil.cpp">
      <Filter>源文件\Util</Filter>
    </ClCompile>
    <ClCompile Include="Wallet.cpp">
      <Filter>源文件\Wallet</Filter>
    </ClCompile>
    <ClCompile Include="TCP_BasicInformation.cpp">
      <Filter>源文件\Socket\Package\Struct</Filter>
    </ClCompile>
    <ClCompile Include="PingBackHandler.cpp">
      <Filter>源文件\Handler</Filter>
    </ClCompile>
    <ClCompile Include="ini.cpp">
      <Filter>源文件\Util\ini</Filter>
    </ClCompile>
    <ClCompile Include="SaveChain.cpp">
      <Filter>源文件\Util\Save</Filter>
    </ClCompile>
    <ClCompile Include="SaveWallet.cpp">
      <Filter>源文件\Util\Save</Filter>
    </ClCompile>
  </ItemGroup>
  <ItemGroup>
    <ClInclude Include="Block.h">
      <Filter>头文件</Filter>
    </ClInclude>
    <ClInclude Include="BlockChain.h">
      <Filter>头文件</Filter>
    </ClInclude>
    <ClInclude Include="TCP_Client.h">
      <Filter>头文件\Socket</Filter>
    </ClInclude>
    <ClInclude Include="TCP_Server.h">
      <Filter>头文件\Socket</Filter>
    </ClInclude>
    <ClInclude Include="Routes.h">
      <Filter>头文件\Routes</Filter>
    </ClInclude>
    <ClInclude Include="TCP_Head.h">
      <Filter>头文件\Socket\Package</Filter>
    </ClInclude>
    <ClInclude Include="TCP_Ping.h">
      <Filter>头文件\Socket\Package\Struct</Filter>
    </ClInclude>
    <ClInclude Include="PingHandler.h">
      <Filter>头文件\Handler</Filter>
    </ClInclude>
    <ClInclude Include="Transaction.h">
      <Filter>头文件\Transaction</Filter>
    </ClInclude>
    <ClInclude Include="TransactionInput.h">
      <Filter>头文件\Transaction</Filter>
    </ClInclude>
    <ClInclude Include="TransactionOutput.h">
      <Filter>头文件\Transaction</Filter>
    </ClInclude>
    <ClInclude Include="StringUtil.h">
      <Filter>头文件\Util</Filter>
    </ClInclude>
    <ClInclude Include="Wallet.h">
      <Filter>头文件\Wallet</Filter>
    </ClInclude>
    <ClInclude Include="TCP_BasicInformation.h">
      <Filter>头文件\Socket\Package\Struct</Filter>
    </ClInclude>
    <ClInclude Include="PingBackHandler.h">
      <Filter>头文件\Handler</Filter>
    </ClInclude>
    <ClInclude Include="ini.h">
      <Filter>头文件\Util\Files\ini</Filter>
    </ClInclude>
    <ClInclude Include="SaveChain.h">
      <Filter>头文件\Util\Files\Save</Filter>
    </ClInclude>
    <ClInclude Include="SaveWallet.h">
      <Filter>头文件\Util\Files\Save</Filter>
    </ClInclude>
  </ItemGroup>
  <ItemGroup>
    <None Include="cpp.hint" />
  </ItemGroup>
</Project>