<?xml version="1.0" encoding="utf-8"?>
<Project ToolsVersion="4.0" xmlns="http://schemas.microsoft.com/developer/msbuild/2003">
  <ItemGroup>
    <Filter Include="源文件">
      <UniqueIdentifier>{4FC737F1-C7A5-4376-A066-2A32D752A2FF}</UniqueIdentifier>
      <Extensions>cpp;c;cc;cxx;c++;cppm;ixx;def;odl;idl;hpj;bat;asm;asmx</Extensions>
    </Filter>
    <Filter Include="头文件">
      <UniqueIdentifier>{93995380-89BD-4b04-88EB-625FBE52EBFB}</UniqueIdentifier>
      <Extensions>h;hh;hpp;hxx;h++;hm;inl;inc;ipp;xsd</Extensions>
    </Filter>
    <Filter Include="资源文件">
      <UniqueIdentifier>{67DA6AB6-F800-4c08-8B7A-83BB121AAD01}</UniqueIdentifier>
      <Extensions>rc;ico;cur;bmp;dlg;rc2;rct;bin;rgs;gif;jpg;jpeg;jpe;resx;tiff;tif;png;wav;mfcribbon-ms</Extensions>
    </Filter>
    <Filter Include="头文件\Socket">
      <UniqueIdentifier>{982d6828-c2bb-465c-8078-cf8c3d3d2425}</UniqueIdentifier>
    </Filter>
    <Filter Include="源文件\Socket">
      <UniqueIdentifier>{0fb5f88a-a233-49e7-b216-2837cf8ab475}</UniqueIdentifier>
    </Filter>
    <Filter Include="头文件\Routes">
      <UniqueIdentifier>{83c69e4d-4b13-4639-a1c6-db8e254ca448}</UniqueIdentifier>
    </Filter>
    <Filter Include="源文件\Routes">
      <UniqueIdentifier>{64b6cc0e-c220-4c7c-9d58-54365508af50}</UniqueIdentifier>
    </Filter>
    <Filter Include="头文件\Socket\Package">
      <UniqueIdentifier>{7cbaf80e-55f4-41de-92fb-1337370f13f8}</UniqueIdentifier>
    </Filter>
  </ItemGroup>
  <ItemGroup>
    <ClCompile Include="blockchain-cpp.cpp">
      <Filter>源文件</Filter>
    </ClCompile>
    <ClCompile Include="StringUtil.cpp">
      <Filter>源文件</Filter>
    </ClCompile>
    <ClCompile Include="Transaction.cpp">
      <Filter>源文件</Filter>
    </ClCompile>
    <ClCompile Include="Block.cpp">
      <Filter>源文件</Filter>
    </ClCompile>
    <ClCompile Include="BlockChain.cpp">
      <Filter>源文件</Filter>
    </ClCompile>
    <ClCompile Include="Wallet.cpp">
      <Filter>源文件</Filter>
    </ClCompile>
    <ClCompile Include="TransactionInput.cpp">
      <Filter>源文件</Filter>
    </ClCompile>
    <ClCompile Include="TransactionOutput.cpp">
      <Filter>源文件</Filter>
    </ClCompile>
    <ClCompile Include="TCP_Client.cpp">
      <Filter>源文件\Socket</Filter>
    </ClCompile>
    <ClCompile Include="TCP_Server.cpp">
      <Filter>源文件\Socket</Filter>
    </ClCompile>
    <ClCompile Include="Routes.cpp">
      <Filter>源文件\Routes</Filter>
    </ClCompile>
    <ClCompile Include="TCP_Head.cpp">
      <Filter>源文件</Filter>
    </ClCompile>
    <ClCompile Include="TCP_Data.cpp">
      <Filter>源文件</Filter>
    </ClCompile>
  </ItemGroup>
  <ItemGroup>
    <ClInclude Include="StringUtil.h">
      <Filter>头文件</Filter>
    </ClInclude>
    <ClInclude Include="Block.h">
      <Filter>头文件</Filter>
    </ClInclude>
    <ClInclude Include="BlockChain.h">
      <Filter>头文件</Filter>
    </ClInclude>
    <ClInclude Include="Wallet.h">
      <Filter>头文件</Filter>
    </ClInclude>
    <ClInclude Include="Transaction.h">
      <Filter>头文件</Filter>
    </ClInclude>
    <ClInclude Include="TransactionInput.h">
      <Filter>头文件</Filter>
    </ClInclude>
    <ClInclude Include="TransactionOutput.h">
      <Filter>头文件</Filter>
    </ClInclude>
    <ClInclude Include="TCP_Client.h">
      <Filter>头文件\Socket</Filter>
    </ClInclude>
    <ClInclude Include="TCP_Server.h">
      <Filter>头文件\Socket</Filter>
    </ClInclude>
    <ClInclude Include="Routes.h">
      <Filter>头文件\Routes</Filter>
    </ClInclude>
    <ClInclude Include="TCP_Head.h">
      <Filter>头文件\Socket\Package</Filter>
    </ClInclude>
    <ClInclude Include="TCP_Data.h">
      <Filter>头文件</Filter>
    </ClInclude>
  </ItemGroup>
  <ItemGroup>
    <None Include="cpp.hint" />
  </ItemGroup>
</Project>